PODS:
  - Charts (4.1.0):
    - Charts/Core (= 4.1.0)
  - Charts/Core (4.1.0):
    - SwiftAlgorithms (~> 1.0)
  - IQKeyboardManager (6.5.19)
  - lottie-ios (4.5.1)
  - MKColorPicker (1.2)
  - MKMagneticProgress (1.4)
  - SwiftAlgorithms (1.0.0)
  - TOCropViewController (2.7.4)

DEPENDENCIES:
  - Charts
  - IQKeyboardManager
  - lottie-ios
  - MKColorPicker
  - MKMagneticProgress
  - TOCropViewController

SPEC REPOS:
  trunk:
    - Charts
    - IQKeyboardManager
    - lottie-ios
    - MKColorPicker
    - MKMagneticProgress
    - SwiftAlgorithms
    - TOCropViewController

SPEC CHECKSUMS:
  Charts: ce0768268078eee0336f122c3c4ca248e4e204c5
  IQKeyboardManager: c8665b3396bd0b79402b4c573eac345a31c7d485
  lottie-ios: 248b380fa1b97d18e792c37d90da7ab2aa0d6562
  MKColorPicker: 8998b2ab977e4f240fdf254db27a18b810da3cfc
  MKMagneticProgress: 006b8c763d62986661bcde03794a3dcf56cd084a
  SwiftAlgorithms: 38dda4731d19027fdeee1125f973111bf3386b53
  TOCropViewController: 80b8985ad794298fb69d3341de183f33d1853654

PODFILE CHECKSUM: 97d8016b280a6e26de3b5d1dcd816f37dbd30e32

COCOAPODS: 1.16.2
